
Microsoft Visual Studio Solution File, Format Version 12.00
# Visual Studio Version 17
VisualStudioVersion = 17.4.33213.308
MinimumVisualStudioVersion = 10.0.40219.1
Project("{9A19103F-16F7-4668-BE54-9A1E7A4F7556}") = "task1", "task1\task1.csproj", "{C208D0BC-7D47-4C84-A699-FC6401181D66}"
EndProject
Project("{9A19103F-16F7-4668-BE54-9A1E7A4F7556}") = "task2", "task2\task2.csproj", "{7294E1D0-101D-4D1D-AC3E-6AF3030E87CB}"
EndProject
Project("{9A19103F-16F7-4668-BE54-9A1E7A4F7556}") = "task3", "task3\task3.csproj", "{FC651D41-41FC-4105-ABC8-7F8111481FCF}"
EndProject
Project("{FAE04EC0-301F-11D3-BF4B-00C04F79EFBC}") = "task4", "task4\task4.csproj", "{A33D0B63-A4BE-4FDB-ADC7-C1DEF91A395A}"
EndProject
Global
	GlobalSection(SolutionConfigurationPlatforms) = preSolution
		Debug|Any CPU = Debug|Any CPU
		Release|Any CPU = Release|Any CPU
	EndGlobalSection
	GlobalSection(ProjectConfigurationPlatforms) = postSolution
		{C208D0BC-7D47-4C84-A699-FC6401181D66}.Debug|Any CPU.ActiveCfg = Debug|Any CPU
		{C208D0BC-7D47-4C84-A699-FC6401181D66}.Debug|Any CPU.Build.0 = Debug|Any CPU
		{C208D0BC-7D47-4C84-A699-FC6401181D66}.Release|Any CPU.ActiveCfg = Release|Any CPU
		{C208D0BC-7D47-4C84-A699-FC6401181D66}.Release|Any CPU.Build.0 = Release|Any CPU
		{7294E1D0-101D-4D1D-AC3E-6AF3030E87CB}.Debug|Any CPU.ActiveCfg = Debug|Any CPU
		{7294E1D0-101D-4D1D-AC3E-6AF3030E87CB}.Debug|Any CPU.Build.0 = Debug|Any CPU
		{7294E1D0-101D-4D1D-AC3E-6AF3030E87CB}.Release|Any CPU.ActiveCfg = Release|Any CPU
		{7294E1D0-101D-4D1D-AC3E-6AF3030E87CB}.Release|Any CPU.Build.0 = Release|Any CPU
		{FC651D41-41FC-4105-ABC8-7F8111481FCF}.Debug|Any CPU.ActiveCfg = Debug|Any CPU
		{FC651D41-41FC-4105-ABC8-7F8111481FCF}.Debug|Any CPU.Build.0 = Debug|Any CPU
		{FC651D41-41FC-4105-ABC8-7F8111481FCF}.Release|Any CPU.ActiveCfg = Release|Any CPU
		{FC651D41-41FC-4105-ABC8-7F8111481FCF}.Release|Any CPU.Build.0 = Release|Any CPU
		{A33D0B63-A4BE-4FDB-ADC7-C1DEF91A395A}.Debug|Any CPU.ActiveCfg = Debug|Any CPU
		{A33D0B63-A4BE-4FDB-ADC7-C1DEF91A395A}.Debug|Any CPU.Build.0 = Debug|Any CPU
		{A33D0B63-A4BE-4FDB-ADC7-C1DEF91A395A}.Release|Any CPU.ActiveCfg = Release|Any CPU
		{A33D0B63-A4BE-4FDB-ADC7-C1DEF91A395A}.Release|Any CPU.Build.0 = Release|Any CPU
	EndGlobalSection
	GlobalSection(SolutionProperties) = preSolution
		HideSolutionNode = FALSE
	EndGlobalSection
	GlobalSection(ExtensibilityGlobals) = postSolution
		SolutionGuid = {CB15C02A-E1D7-4808-AB77-68A121869C15}
	EndGlobalSection
EndGlobal
