
Microsoft Visual Studio Solution File, Format Version 12.00
# Visual Studio Version 17
VisualStudioVersion = 17.4.33213.308
MinimumVisualStudioVersion = 10.0.40219.1
Project("{FAE04EC0-301F-11D3-BF4B-00C04F79EFBC}") = "wpf day3", "wpf day3\wpf day3.csproj", "{06E248CF-B540-4E36-B060-8927C5F5F108}"
EndProject
Global
	GlobalSection(SolutionConfigurationPlatforms) = preSolution
		Debug|Any CPU = Debug|Any CPU
		Release|Any CPU = Release|Any CPU
	EndGlobalSection
	GlobalSection(ProjectConfigurationPlatforms) = postSolution
		{06E248CF-B540-4E36-B060-8927C5F5F108}.Debug|Any CPU.ActiveCfg = Debug|Any CPU
		{06E248CF-B540-4E36-B060-8927C5F5F108}.Debug|Any CPU.Build.0 = Debug|Any CPU
		{06E248CF-B540-4E36-B060-8927C5F5F108}.Release|Any CPU.ActiveCfg = Release|Any CPU
		{06E248CF-B540-4E36-B060-8927C5F5F108}.Release|Any CPU.Build.0 = Release|Any CPU
	EndGlobalSection
	GlobalSection(SolutionProperties) = preSolution
		HideSolutionNode = FALSE
	EndGlobalSection
	GlobalSection(ExtensibilityGlobals) = postSolution
		SolutionGuid = {101619DD-5082-44A3-BB43-7C81A9251380}
	EndGlobalSection
EndGlobal
