
Microsoft Visual Studio Solution File, Format Version 12.00
# Visual Studio Version 17
VisualStudioVersion = 17.4.33213.308
MinimumVisualStudioVersion = 10.0.40219.1
Project("{FAE04EC0-301F-11D3-BF4B-00C04F79EFBC}") = "Task1", "Day2\Task1.csproj", "{B1F7131E-AE56-411B-A59F-98458844F61A}"
EndProject
Project("{FAE04EC0-301F-11D3-BF4B-00C04F79EFBC}") = "Task2", "Task2\Task2.csproj", "{452D491C-6D57-4D4E-958A-C8BC4B450C88}"
EndProject
Project("{FAE04EC0-301F-11D3-BF4B-00C04F79EFBC}") = "Task3", "Task3\Task3.csproj", "{2C38E2F4-C254-4677-B248-D38ECC90F66F}"
EndProject
Global
	GlobalSection(SolutionConfigurationPlatforms) = preSolution
		Debug|Any CPU = Debug|Any CPU
		Release|Any CPU = Release|Any CPU
	EndGlobalSection
	GlobalSection(ProjectConfigurationPlatforms) = postSolution
		{B1F7131E-AE56-411B-A59F-98458844F61A}.Debug|Any CPU.ActiveCfg = Debug|Any CPU
		{B1F7131E-AE56-411B-A59F-98458844F61A}.Debug|Any CPU.Build.0 = Debug|Any CPU
		{B1F7131E-AE56-411B-A59F-98458844F61A}.Release|Any CPU.ActiveCfg = Release|Any CPU
		{B1F7131E-AE56-411B-A59F-98458844F61A}.Release|Any CPU.Build.0 = Release|Any CPU
		{452D491C-6D57-4D4E-958A-C8BC4B450C88}.Debug|Any CPU.ActiveCfg = Debug|Any CPU
		{452D491C-6D57-4D4E-958A-C8BC4B450C88}.Debug|Any CPU.Build.0 = Debug|Any CPU
		{452D491C-6D57-4D4E-958A-C8BC4B450C88}.Release|Any CPU.ActiveCfg = Release|Any CPU
		{452D491C-6D57-4D4E-958A-C8BC4B450C88}.Release|Any CPU.Build.0 = Release|Any CPU
		{2C38E2F4-C254-4677-B248-D38ECC90F66F}.Debug|Any CPU.ActiveCfg = Debug|Any CPU
		{2C38E2F4-C254-4677-B248-D38ECC90F66F}.Debug|Any CPU.Build.0 = Debug|Any CPU
		{2C38E2F4-C254-4677-B248-D38ECC90F66F}.Release|Any CPU.ActiveCfg = Release|Any CPU
		{2C38E2F4-C254-4677-B248-D38ECC90F66F}.Release|Any CPU.Build.0 = Release|Any CPU
	EndGlobalSection
	GlobalSection(SolutionProperties) = preSolution
		HideSolutionNode = FALSE
	EndGlobalSection
	GlobalSection(ExtensibilityGlobals) = postSolution
		SolutionGuid = {AEB3E5E3-C082-44B6-A761-E53D5B290835}
	EndGlobalSection
EndGlobal
