
Microsoft Visual Studio Solution File, Format Version 12.00
# Visual Studio Version 17
VisualStudioVersion = 17.4.33213.308
MinimumVisualStudioVersion = 10.0.40219.1
Project("{9A19103F-16F7-4668-BE54-9A1E7A4F7556}") = "fonts", "fonts\fonts.csproj", "{A5D32B63-A298-49C4-839D-D96BC3CD2460}"
EndProject
Project("{FAE04EC0-301F-11D3-BF4B-00C04F79EFBC}") = "calculator", "calculator\calculator.csproj", "{D26002C0-70E6-4A76-901E-5A367021D703}"
EndProject
Project("{FAE04EC0-301F-11D3-BF4B-00C04F79EFBC}") = "button", "button\button.csproj", "{CA007CB1-A513-49F9-8A7A-165B78042617}"
EndProject
Project("{FAE04EC0-301F-11D3-BF4B-00C04F79EFBC}") = "form", "form\form.csproj", "{A5DBFD0D-4EE8-4A52-84F6-840FAA15B3F9}"
EndProject
Global
	GlobalSection(SolutionConfigurationPlatforms) = preSolution
		Debug|Any CPU = Debug|Any CPU
		Release|Any CPU = Release|Any CPU
	EndGlobalSection
	GlobalSection(ProjectConfigurationPlatforms) = postSolution
		{A5D32B63-A298-49C4-839D-D96BC3CD2460}.Debug|Any CPU.ActiveCfg = Debug|Any CPU
		{A5D32B63-A298-49C4-839D-D96BC3CD2460}.Debug|Any CPU.Build.0 = Debug|Any CPU
		{A5D32B63-A298-49C4-839D-D96BC3CD2460}.Release|Any CPU.ActiveCfg = Release|Any CPU
		{A5D32B63-A298-49C4-839D-D96BC3CD2460}.Release|Any CPU.Build.0 = Release|Any CPU
		{D26002C0-70E6-4A76-901E-5A367021D703}.Debug|Any CPU.ActiveCfg = Debug|Any CPU
		{D26002C0-70E6-4A76-901E-5A367021D703}.Debug|Any CPU.Build.0 = Debug|Any CPU
		{D26002C0-70E6-4A76-901E-5A367021D703}.Release|Any CPU.ActiveCfg = Release|Any CPU
		{D26002C0-70E6-4A76-901E-5A367021D703}.Release|Any CPU.Build.0 = Release|Any CPU
		{CA007CB1-A513-49F9-8A7A-165B78042617}.Debug|Any CPU.ActiveCfg = Debug|Any CPU
		{CA007CB1-A513-49F9-8A7A-165B78042617}.Debug|Any CPU.Build.0 = Debug|Any CPU
		{CA007CB1-A513-49F9-8A7A-165B78042617}.Release|Any CPU.ActiveCfg = Release|Any CPU
		{CA007CB1-A513-49F9-8A7A-165B78042617}.Release|Any CPU.Build.0 = Release|Any CPU
		{A5DBFD0D-4EE8-4A52-84F6-840FAA15B3F9}.Debug|Any CPU.ActiveCfg = Debug|Any CPU
		{A5DBFD0D-4EE8-4A52-84F6-840FAA15B3F9}.Debug|Any CPU.Build.0 = Debug|Any CPU
		{A5DBFD0D-4EE8-4A52-84F6-840FAA15B3F9}.Release|Any CPU.ActiveCfg = Release|Any CPU
		{A5DBFD0D-4EE8-4A52-84F6-840FAA15B3F9}.Release|Any CPU.Build.0 = Release|Any CPU
	EndGlobalSection
	GlobalSection(SolutionProperties) = preSolution
		HideSolutionNode = FALSE
	EndGlobalSection
	GlobalSection(ExtensibilityGlobals) = postSolution
		SolutionGuid = {908EFF62-8594-49C6-994D-9B7363FC006B}
	EndGlobalSection
EndGlobal
