
Microsoft Visual Studio Solution File, Format Version 12.00
# Visual Studio Version 17
VisualStudioVersion = 17.4.33213.308
MinimumVisualStudioVersion = 10.0.40219.1
Project("{9A19103F-16F7-4668-BE54-9A1E7A4F7556}") = "InkCanvas", "Wpf day1\InkCanvas.csproj", "{16F92A4A-283F-4AD6-8A5A-5485502827D2}"
EndProject
Project("{9A19103F-16F7-4668-BE54-9A1E7A4F7556}") = "form", "form\form.csproj", "{45871C19-7DCE-49EB-AD3E-20F74CF08CFE}"
EndProject
Global
	GlobalSection(SolutionConfigurationPlatforms) = preSolution
		Debug|Any CPU = Debug|Any CPU
		Release|Any CPU = Release|Any CPU
	EndGlobalSection
	GlobalSection(ProjectConfigurationPlatforms) = postSolution
		{16F92A4A-283F-4AD6-8A5A-5485502827D2}.Debug|Any CPU.ActiveCfg = Debug|Any CPU
		{16F92A4A-283F-4AD6-8A5A-5485502827D2}.Debug|Any CPU.Build.0 = Debug|Any CPU
		{16F92A4A-283F-4AD6-8A5A-5485502827D2}.Release|Any CPU.ActiveCfg = Release|Any CPU
		{16F92A4A-283F-4AD6-8A5A-5485502827D2}.Release|Any CPU.Build.0 = Release|Any CPU
		{45871C19-7DCE-49EB-AD3E-20F74CF08CFE}.Debug|Any CPU.ActiveCfg = Debug|Any CPU
		{45871C19-7DCE-49EB-AD3E-20F74CF08CFE}.Debug|Any CPU.Build.0 = Debug|Any CPU
		{45871C19-7DCE-49EB-AD3E-20F74CF08CFE}.Release|Any CPU.ActiveCfg = Release|Any CPU
		{45871C19-7DCE-49EB-AD3E-20F74CF08CFE}.Release|Any CPU.Build.0 = Release|Any CPU
	EndGlobalSection
	GlobalSection(SolutionProperties) = preSolution
		HideSolutionNode = FALSE
	EndGlobalSection
	GlobalSection(ExtensibilityGlobals) = postSolution
		SolutionGuid = {4E45FF93-B170-49BE-81B5-31BC8A35FD82}
	EndGlobalSection
EndGlobal
